
Microsoft Visual Studio Solution File, Format Version 12.00
# Visual Studio 2012
Project("{FAE04EC0-301F-11D3-BF4B-00C04F79EFBC}") = "FindSystem", "FindSystem\FindSystem.csproj", "{024B9E65-0CD3-4055-BA46-DBD59BEA4787}"
EndProject
Project("{FAE04EC0-301F-11D3-BF4B-00C04F79EFBC}") = "DAL", "DAL\DAL.csproj", "{158F77A2-1702-464B-AA12-D8F4315ABE23}"
EndProject
Project("{00D1A9C2-B5F0-4AF3-8072-F6C62B433612}") = "DatabaseProject", "DatabaseProject\DatabaseProject.sqlproj", "{41D434C9-DF3A-4750-8377-782EF148ABF6}"
EndProject
Project("{2150E333-8FDC-42A3-9474-1A3956D46DE8}") = "Database", "Database", "{1BB14177-173D-4A6D-B2FE-419B3D10A6B5}"
EndProject
Project("{2150E333-8FDC-42A3-9474-1A3956D46DE8}") = "Application", "Application", "{40E2E64F-0A94-4BD0-8A80-0B74F9174FB9}"
EndProject
Project("{2150E333-8FDC-42A3-9474-1A3956D46DE8}") = "Middleware", "Middleware", "{ED6AD289-069F-4582-9A5C-F9E5A4F4ACB2}"
EndProject
Project("{FAE04EC0-301F-11D3-BF4B-00C04F79EFBC}") = "Repository", "Repository\Repository.csproj", "{837F9BB7-3A9F-4F4D-B56C-1663342EAE2C}"
EndProject
Project("{FAE04EC0-301F-11D3-BF4B-00C04F79EFBC}") = "Service", "Service\Service.csproj", "{A36E6E20-5269-4C97-8EFD-B33E1D9C2CE7}"
EndProject
Project("{FAE04EC0-301F-11D3-BF4B-00C04F79EFBC}") = "Data", "Data\Data.csproj", "{D3737F82-12F1-459C-BEE0-35A8545A0EED}"
EndProject
Global
	GlobalSection(SolutionConfigurationPlatforms) = preSolution
		Debug|Any CPU = Debug|Any CPU
		Release|Any CPU = Release|Any CPU
	EndGlobalSection
	GlobalSection(ProjectConfigurationPlatforms) = postSolution
		{024B9E65-0CD3-4055-BA46-DBD59BEA4787}.Debug|Any CPU.ActiveCfg = Debug|Any CPU
		{024B9E65-0CD3-4055-BA46-DBD59BEA4787}.Debug|Any CPU.Build.0 = Debug|Any CPU
		{024B9E65-0CD3-4055-BA46-DBD59BEA4787}.Release|Any CPU.ActiveCfg = Release|Any CPU
		{024B9E65-0CD3-4055-BA46-DBD59BEA4787}.Release|Any CPU.Build.0 = Release|Any CPU
		{158F77A2-1702-464B-AA12-D8F4315ABE23}.Debug|Any CPU.ActiveCfg = Debug|Any CPU
		{158F77A2-1702-464B-AA12-D8F4315ABE23}.Debug|Any CPU.Build.0 = Debug|Any CPU
		{158F77A2-1702-464B-AA12-D8F4315ABE23}.Release|Any CPU.ActiveCfg = Release|Any CPU
		{158F77A2-1702-464B-AA12-D8F4315ABE23}.Release|Any CPU.Build.0 = Release|Any CPU
		{41D434C9-DF3A-4750-8377-782EF148ABF6}.Debug|Any CPU.ActiveCfg = Debug|Any CPU
		{41D434C9-DF3A-4750-8377-782EF148ABF6}.Debug|Any CPU.Build.0 = Debug|Any CPU
		{41D434C9-DF3A-4750-8377-782EF148ABF6}.Debug|Any CPU.Deploy.0 = Debug|Any CPU
		{41D434C9-DF3A-4750-8377-782EF148ABF6}.Release|Any CPU.ActiveCfg = Release|Any CPU
		{41D434C9-DF3A-4750-8377-782EF148ABF6}.Release|Any CPU.Build.0 = Release|Any CPU
		{41D434C9-DF3A-4750-8377-782EF148ABF6}.Release|Any CPU.Deploy.0 = Release|Any CPU
		{837F9BB7-3A9F-4F4D-B56C-1663342EAE2C}.Debug|Any CPU.ActiveCfg = Debug|Any CPU
		{837F9BB7-3A9F-4F4D-B56C-1663342EAE2C}.Debug|Any CPU.Build.0 = Debug|Any CPU
		{837F9BB7-3A9F-4F4D-B56C-1663342EAE2C}.Release|Any CPU.ActiveCfg = Release|Any CPU
		{837F9BB7-3A9F-4F4D-B56C-1663342EAE2C}.Release|Any CPU.Build.0 = Release|Any CPU
		{A36E6E20-5269-4C97-8EFD-B33E1D9C2CE7}.Debug|Any CPU.ActiveCfg = Debug|Any CPU
		{A36E6E20-5269-4C97-8EFD-B33E1D9C2CE7}.Debug|Any CPU.Build.0 = Debug|Any CPU
		{A36E6E20-5269-4C97-8EFD-B33E1D9C2CE7}.Release|Any CPU.ActiveCfg = Release|Any CPU
		{A36E6E20-5269-4C97-8EFD-B33E1D9C2CE7}.Release|Any CPU.Build.0 = Release|Any CPU
		{D3737F82-12F1-459C-BEE0-35A8545A0EED}.Debug|Any CPU.ActiveCfg = Debug|Any CPU
		{D3737F82-12F1-459C-BEE0-35A8545A0EED}.Debug|Any CPU.Build.0 = Debug|Any CPU
		{D3737F82-12F1-459C-BEE0-35A8545A0EED}.Release|Any CPU.ActiveCfg = Release|Any CPU
		{D3737F82-12F1-459C-BEE0-35A8545A0EED}.Release|Any CPU.Build.0 = Release|Any CPU
	EndGlobalSection
	GlobalSection(SolutionProperties) = preSolution
		HideSolutionNode = FALSE
	EndGlobalSection
	GlobalSection(NestedProjects) = preSolution
		{41D434C9-DF3A-4750-8377-782EF148ABF6} = {1BB14177-173D-4A6D-B2FE-419B3D10A6B5}
		{024B9E65-0CD3-4055-BA46-DBD59BEA4787} = {40E2E64F-0A94-4BD0-8A80-0B74F9174FB9}
		{158F77A2-1702-464B-AA12-D8F4315ABE23} = {ED6AD289-069F-4582-9A5C-F9E5A4F4ACB2}
		{837F9BB7-3A9F-4F4D-B56C-1663342EAE2C} = {ED6AD289-069F-4582-9A5C-F9E5A4F4ACB2}
		{A36E6E20-5269-4C97-8EFD-B33E1D9C2CE7} = {ED6AD289-069F-4582-9A5C-F9E5A4F4ACB2}
		{D3737F82-12F1-459C-BEE0-35A8545A0EED} = {ED6AD289-069F-4582-9A5C-F9E5A4F4ACB2}
	EndGlobalSection
EndGlobal
